{
    "_meta": {
        "hash": {
            "sha256": "649ab153f60b56310a8f03fcdb05448b1475c0f5259870cf2a9bb9c49378d3fa"
        },
        "pipfile-spec": 6,
        "requires": {
            "python_version": "3.6"
        },
        "sources": [
            {
                "name": "pypi",
                "url": "https://pypi.org/simple",
                "verify_ssl": true
            }
        ]
    },
    "default": {
        "crystfeler": {
            "file": "file:///home/marinegor/github/still-utils"
        }
    },
    "develop": {}
}
